[cli]
sha256 = "7b5887ce7b5e119b8088407b11aba0da8777e34a8fd1bac8bac569a95a56026f"
sha512 = "78c0d45c05568a6b851914084b5fb1f393705128c9fe33f92e0512ad411c3f0af894820744709e6d8e1becb9c4282ce4f6f0e81d5309d2f680c45ad51de30776"

[clocks]
sha256 = "e52b48c854965405223e61fded08da1450cf1ee7a0e5e546433f5fb0df7e1aff"
sha512 = "62a781f27f60c9f882f878578ffc2c0c0ad92bbdbed8c727ec588ca345da348690f3165029efbec49e3c6b3e9b893d6102d31aae1d8119eb38222233afc9ce62"

[filesystem]
sha256 = "befa66ea8ddfdc528c69ad6e6b6d99d8512c6a38b885d3182e0a77d682d4b947"
sha512 = "0c49a49918a561d16eef3a712a46ff86b81770b00da241f2bba6c879fcb2a604453f6f1856eafa4f53b8b53cbaaa55d858da5b29ac2829c14687095a8b9e89d4"

[http]
sha256 = "b029448691acf4a91a6b13996b4d77163efd5bda35022262825b970b34c0b9f6"
sha512 = "55a7a08bc0e8e635c7de05a9422b9d91df24b24a1782ec713a892154ef46ba1721f9e9304b35c6a5c125ed0e4453f8cdcba96a73524e87328567c30e1bc838bc"

[io]
sha256 = "86fa906a262bc5d5c0313c9590d51a38cedad7fcc3de0df5d0d602002b7b27c3"
sha512 = "d1ab95f8facf3b51052378f86a13ecea6450ed9d1d0d3146067548307f0f3f48c4d13f335542313d1c80cf54ac7ae18f411754f3a728468a8c7380a390bfb647"

[logging]
sha256 = "cfd98a1c356d558a8df57c29cc9f09013856b2ab805c72f6d1093c2064ade988"
sha512 = "0f4c9bd195a14e7702241749ace3457aed4729ec5bae743fc9f3e6754bd7d67a5d7d5616b16b247c3ae096e49621028bc885496cb2f16d65dc0c01755a0c332a"

[poll]
sha256 = "2102b3ad8fe9a9629eb797b2fe884f031b910605084aefae226ae46c81c29f5a"
sha512 = "ee06217ab666fcdc2de0b5d4b990c77859916c45f4b2bd880336d9b1fc93374a3903a15db088a031e1af428a42ea74b87c65a82974a21e127c01a46a052e427d"

[preview]
url = "https://gitpkg.now.sh/bytecodealliance/wasmtime/crates/wasi?e250334b8ebfba9359802ab7f61bdd7c6085d87a"
sha256 = "d6a7b853317a7c35bdaaefcd715edc126b8c9578759f7862feda4f90d155e50f"
sha512 = "ceaa40b145b898781a28e314f7fbeb91868a7753592a2faaf3845e039ad67797d1714c2f6f5b82be149a3baca3843184ec7ae004728302ad570d9d6c7acec866"
deps = ["cli", "clocks", "filesystem", "http", "io", "logging", "poll", "random", "sockets"]

[random]
sha256 = "680dd2237ff2c64f587934181f073cce288fa4d43f344461caa5856b6142897e"
sha512 = "9bdce7f77b8681b851c1faf9a7b8853f08c457b09d4415b0391a15eecf61b71115e0372fe7a011e97fcd8aa9c855c3527ed2d229a3c9386c615fdb8603e3b3df"

[sockets]
sha256 = "914cc4800a8b1d9a0e2bad038cb681699159a253b2194f62bebf7af38e826342"
sha512 = "2bc700c4284e10fe670fb0b76df2986027b249d9658c2439044b29c7de48cbd184cd61239ac7cb9d9154b422e6cf43dc17443d1c1b12bfa3011663ad8822a10a"
